
Microsoft Visual Studio Solution File, Format Version 12.00
# Visual Studio 15
VisualStudioVersion = 15.0.28307.539
MinimumVisualStudioVersion = 10.0.40219.1
Project("{8BC9CEB8-8B4A-11D0-8D11-00A0C91BC942}") = "CPPDemoApp", "CPPDemoApp\CPPDemoApp.vcxproj", "{BB8EDED8-5C6B-4219-9CD8-025EC65334A9}"
EndProject
Project("{8BC9CEB8-8B4A-11D0-8D11-00A0C91BC942}") = "ClassesAndObjects", "ClassesAndObjects\ClassesAndObjects.vcxproj", "{BF6C9E37-6DFB-472E-983C-BDC772C00998}"
EndProject
Global
	GlobalSection(SolutionConfigurationPlatforms) = preSolution
		Debug|x64 = Debug|x64
		Debug|x86 = Debug|x86
		Release|x64 = Release|x64
		Release|x86 = Release|x86
	EndGlobalSection
	GlobalSection(ProjectConfigurationPlatforms) = postSolution
		{BB8EDED8-5C6B-4219-9CD8-025EC65334A9}.Debug|x64.ActiveCfg = Debug|x64
		{BB8EDED8-5C6B-4219-9CD8-025EC65334A9}.Debug|x64.Build.0 = Debug|x64
		{BB8EDED8-5C6B-4219-9CD8-025EC65334A9}.Debug|x86.ActiveCfg = Debug|Win32
		{BB8EDED8-5C6B-4219-9CD8-025EC65334A9}.Debug|x86.Build.0 = Debug|Win32
		{BB8EDED8-5C6B-4219-9CD8-025EC65334A9}.Release|x64.ActiveCfg = Release|x64
		{BB8EDED8-5C6B-4219-9CD8-025EC65334A9}.Release|x64.Build.0 = Release|x64
		{BB8EDED8-5C6B-4219-9CD8-025EC65334A9}.Release|x86.ActiveCfg = Release|Win32
		{BB8EDED8-5C6B-4219-9CD8-025EC65334A9}.Release|x86.Build.0 = Release|Win32
		{BF6C9E37-6DFB-472E-983C-BDC772C00998}.Debug|x64.ActiveCfg = Debug|x64
		{BF6C9E37-6DFB-472E-983C-BDC772C00998}.Debug|x64.Build.0 = Debug|x64
		{BF6C9E37-6DFB-472E-983C-BDC772C00998}.Debug|x86.ActiveCfg = Debug|Win32
		{BF6C9E37-6DFB-472E-983C-BDC772C00998}.Debug|x86.Build.0 = Debug|Win32
		{BF6C9E37-6DFB-472E-983C-BDC772C00998}.Release|x64.ActiveCfg = Release|x64
		{BF6C9E37-6DFB-472E-983C-BDC772C00998}.Release|x64.Build.0 = Release|x64
		{BF6C9E37-6DFB-472E-983C-BDC772C00998}.Release|x86.ActiveCfg = Release|Win32
		{BF6C9E37-6DFB-472E-983C-BDC772C00998}.Release|x86.Build.0 = Release|Win32
	EndGlobalSection
	GlobalSection(SolutionProperties) = preSolution
		HideSolutionNode = FALSE
	EndGlobalSection
	GlobalSection(ExtensibilityGlobals) = postSolution
		SolutionGuid = {529D5A86-66DC-4101-A6D4-10C3CA8B12E7}
	EndGlobalSection
EndGlobal
